
Microsoft Visual Studio Solution File, Format Version 12.00
# Visual Studio Version 16
VisualStudioVersion = 16.0.29411.108
MinimumVisualStudioVersion = 10.0.40219.1
Project("{FAE04EC0-301F-11D3-BF4B-00C04F79EFBC}") = "DSTB2C1", "DSTB2C1\DSTB2C1.csproj", "{499EA1B4-639B-4ACF-B66C-43A984324CB3}"
EndProject
Global
	GlobalSection(SolutionConfigurationPlatforms) = preSolution
		Debug|Any CPU = Debug|Any CPU
		Release|Any CPU = Release|Any CPU
	EndGlobalSection
	GlobalSection(ProjectConfigurationPlatforms) = postSolution
		{499EA1B4-639B-4ACF-B66C-43A984324CB3}.Debug|Any CPU.ActiveCfg = Debug|Any CPU
		{499EA1B4-639B-4ACF-B66C-43A984324CB3}.Debug|Any CPU.Build.0 = Debug|Any CPU
		{499EA1B4-639B-4ACF-B66C-43A984324CB3}.Release|Any CPU.ActiveCfg = Release|Any CPU
		{499EA1B4-639B-4ACF-B66C-43A984324CB3}.Release|Any CPU.Build.0 = Release|Any CPU
	EndGlobalSection
	GlobalSection(SolutionProperties) = preSolution
		HideSolutionNode = FALSE
	EndGlobalSection
	GlobalSection(ExtensibilityGlobals) = postSolution
		SolutionGuid = {8BCDCDC4-18CB-4506-B9B2-7727AF4C193F}
	EndGlobalSection
EndGlobal
